
Microsoft Visual Studio Solution File, Format Version 12.00
# Visual Studio 15
Project("{FAE04EC0-301F-11D3-BF4B-00C04F79EFBC}") = "Assembly-CSharp", "Assembly-CSharp.csproj", "{554437EB-2AB5-C323-920D-129BD4EE04D2}"
EndProject
Project("{FAE04EC0-301F-11D3-BF4B-00C04F79EFBC}") = "Assembly-CSharp-Editor", "Assembly-CSharp-Editor.csproj", "{4BA6E623-4508-6F0B-0C62-832C395FC427}"
EndProject
Global
	GlobalSection(SolutionConfigurationPlatforms) = preSolution
		Debug|Any CPU = Debug|Any CPU
		Release|Any CPU = Release|Any CPU
	EndGlobalSection
	GlobalSection(ProjectConfigurationPlatforms) = postSolution
		{554437EB-2AB5-C323-920D-129BD4EE04D2}.Debug|Any CPU.ActiveCfg = Debug|Any CPU
		{554437EB-2AB5-C323-920D-129BD4EE04D2}.Debug|Any CPU.Build.0 = Debug|Any CPU
		{554437EB-2AB5-C323-920D-129BD4EE04D2}.Release|Any CPU.ActiveCfg = Release|Any CPU
		{554437EB-2AB5-C323-920D-129BD4EE04D2}.Release|Any CPU.Build.0 = Release|Any CPU
		{4BA6E623-4508-6F0B-0C62-832C395FC427}.Debug|Any CPU.ActiveCfg = Debug|Any CPU
		{4BA6E623-4508-6F0B-0C62-832C395FC427}.Debug|Any CPU.Build.0 = Debug|Any CPU
		{4BA6E623-4508-6F0B-0C62-832C395FC427}.Release|Any CPU.ActiveCfg = Release|Any CPU
		{4BA6E623-4508-6F0B-0C62-832C395FC427}.Release|Any CPU.Build.0 = Release|Any CPU
	EndGlobalSection
	GlobalSection(SolutionProperties) = preSolution
		HideSolutionNode = FALSE
	EndGlobalSection
EndGlobal
